# This file may be used to create an environment using:
# $ conda create --name <env> --file <this file>
# platform: linux-64
@EXPLICIT
https://conda.anaconda.org/conda-forge/noarch/font-ttf-ubuntu-0.83-hab24e00_0.tar.bz2#19410c3df09dfb12d1206132a1d357c5
https://conda.anaconda.org/conda-forge/linux-64/libgfortran5-12.1.0-hdcd56e2_16.tar.bz2#b02605b875559ff99f04351fd5040760
https://conda.anaconda.org/conda-forge/linux-64/ca-certificates-2022.6.15-ha878542_0.tar.bz2#c320890f77fd1d617fa876e0982002c2
https://conda.anaconda.org/conda-forge/noarch/font-ttf-dejavu-sans-mono-2.37-hab24e00_0.tar.bz2#0c96522c6bdaed4b1566d11387caaf45
https://conda.anaconda.org/conda-forge/noarch/tzdata-2022c-h191b570_0.tar.bz2#a56386ad31a7322940dd7d03fb3a9979
https://conda.anaconda.org/conda-forge/noarch/font-ttf-inconsolata-3.000-h77eed37_0.tar.bz2#34893075a5c9e55cdafac56607368fc6
https://repo.anaconda.com/pkgs/main/linux-64/intel-openmp-2022.0.1-h06a4308_3633.conda#c9bf9cea63382b0c0cf1cbdfcc64942f
https://conda.anaconda.org/conda-forge/linux-64/libstdcxx-ng-12.1.0-ha89aaad_16.tar.bz2#6f5ba041a41eb102a1027d9e68731be7
https://conda.anaconda.org/conda-forge/linux-64/_libgcc_mutex-0.1-conda_forge.tar.bz2#d7c89558ba9fa0495403155b64376d81
https://conda.anaconda.org/conda-forge/linux-64/ld_impl_linux-64-2.36.1-hea4e1c9_2.tar.bz2#bd4f2e711b39af170e7ff15163fe87ee
https://conda.anaconda.org/conda-forge/noarch/_sysroot_linux-64_curr_repodata_hack-3-h5bd9786_13.tar.bz2#a581b4a89191b6c1d6a16488a9cffbfc
https://conda.anaconda.org/conda-forge/noarch/font-ttf-source-code-pro-2.038-h77eed37_0.tar.bz2#4d59c254e01d9cde7957100457e2d5fb
https://conda.anaconda.org/conda-forge/linux-64/libgfortran-ng-12.1.0-h69a702a_16.tar.bz2#6bf15e29a20f614b18ae89368260d0a2
https://repo.anaconda.com/pkgs/main/linux-64/mkl-2022.0.1-h06a4308_117.conda#16cbca1fc71abbeaad1f8ad8cccf4cf7
https://conda.anaconda.org/conda-forge/linux-64/libgomp-12.1.0-h8d9b700_16.tar.bz2#f013cf7749536ce43d82afbffdf499ab
https://conda.anaconda.org/conda-forge/noarch/kernel-headers_linux-64-3.10.0-h4a8ded7_13.tar.bz2#523bc836a954faf0cca94831971bb85a
https://conda.anaconda.org/conda-forge/noarch/fonts-conda-forge-1-0.tar.bz2#f766549260d6815b0c52253f1fb1bb29
https://conda.anaconda.org/conda-forge/linux-64/_openmp_mutex-4.5-2_gnu.tar.bz2#73aaf86a425cc6e73fcf236a5a46396d
https://conda.anaconda.org/conda-forge/noarch/sysroot_linux-64-2.17-h4a8ded7_13.tar.bz2#57e5a5191ffe999b9f4dfdbcd0ddcba4
https://conda.anaconda.org/conda-forge/noarch/fonts-conda-ecosystem-1-0.tar.bz2#fee5683a3f04bd15cbd8318b096a27ab
https://conda.anaconda.org/conda-forge/linux-64/libgcc-ng-12.1.0-h8d9b700_16.tar.bz2#4f05bc9844f7c101e6e147dab3c88d5c
https://conda.anaconda.org/conda-forge/linux-64/libdb-6.2.32-h9c3ff4c_0.tar.bz2#3f3258d8f841fbac63b36b75bdac1afd
https://conda.anaconda.org/conda-forge/linux-64/xorg-renderproto-0.11.1-h7f98852_1002.tar.bz2#06feff3d2634e3097ce2fe681474b534
https://conda.anaconda.org/conda-forge/linux-64/libgcc-7.2.0-h69d50b8_2.tar.bz2#9962126180acc1a4fec0c6aabe7c2459
https://conda.anaconda.org/conda-forge/linux-64/lerc-4.0.0-h27087fc_0.tar.bz2#76bbff344f0134279f225174e9064c8f
https://conda.anaconda.org/conda-forge/linux-64/libuuid-2.32.1-h7f98852_1000.tar.bz2#772d69f030955d9646d3d0eaf21d859d
https://conda.anaconda.org/conda-forge/linux-64/xorg-libice-1.0.10-h7f98852_0.tar.bz2#d6b0b50b49eccfe0be0373be628be0f3
https://conda.anaconda.org/conda-forge/linux-64/c-ares-1.18.1-h7f98852_0.tar.bz2#f26ef8098fab1f719c91eb760d63381a
https://conda.anaconda.org/conda-forge/linux-64/llvm-openmp-8.0.1-hc9558a2_0.tar.bz2#67590caab043d6d7ffc371f9cced7848
https://conda.anaconda.org/conda-forge/linux-64/expat-2.4.8-h27087fc_0.tar.bz2#e1b07832504eeba765d648389cc387a9
https://conda.anaconda.org/conda-forge/linux-64/libev-4.33-h516909a_1.tar.bz2#6f8720dff19e17ce5d48cfe7f3d2f0a3
https://conda.anaconda.org/conda-forge/linux-64/xorg-kbproto-1.0.7-h7f98852_1002.tar.bz2#4b230e8381279d76131116660f5a241a
https://conda.anaconda.org/conda-forge/linux-64/libffi-3.4.2-h7f98852_5.tar.bz2#d645c6d2ac96843a2bfaccd2d62b3ac3
https://conda.anaconda.org/conda-forge/linux-64/giflib-5.2.1-h36c2ea0_2.tar.bz2#626e68ae9cc5912d6adb79d318cf962d
https://conda.anaconda.org/conda-forge/linux-64/keyutils-1.6.1-h166bdaf_0.tar.bz2#30186d27e2c9fa62b45fb1476b7200e3
https://conda.anaconda.org/conda-forge/linux-64/libunistring-0.9.10-h7f98852_0.tar.bz2#7245a044b4a1980ed83196176b78b73a
https://conda.anaconda.org/bioconda/linux-64/hmmer-3.3.2-h87f3376_2.tar.bz2#fefeadd4a743164946031ab491a347ab
https://conda.anaconda.org/conda-forge/linux-64/gmp-6.2.1-h58526e2_0.tar.bz2#b94cf2db16066b242ebd26db2facbd56
https://conda.anaconda.org/conda-forge/linux-64/xz-5.2.6-h166bdaf_0.tar.bz2#2161070d867d1b1204ea749c8eec4ef0
https://conda.anaconda.org/conda-forge/linux-64/libiconv-1.16-h516909a_0.tar.bz2#5c0f338a513a2943c659ae619fca9211
https://conda.anaconda.org/conda-forge/linux-64/graphite2-1.3.13-h58526e2_1001.tar.bz2#8c54672728e8ec6aa6db90cf2806d220
https://conda.anaconda.org/conda-forge/linux-64/tbb-2021.5.0-h924138e_1.tar.bz2#6d0aabe2be9d714b1f4ce57514d05b4d
https://conda.anaconda.org/conda-forge/linux-64/icu-70.1-h27087fc_0.tar.bz2#87473a15119779e021c314249d4b4aed
https://conda.anaconda.org/bioconda/linux-64/prodigal-2.6.3-hec16e2b_4.tar.bz2#0f8b880d727df321ac70a224c18690cb
https://conda.anaconda.org/conda-forge/linux-64/xorg-xproto-7.0.31-h7f98852_1007.tar.bz2#b4a4381d54784606820704f7b5f05a15
https://conda.anaconda.org/conda-forge/linux-64/libnsl-2.0.0-h7f98852_0.tar.bz2#39b1328babf85c7c3a61636d9cd50206
https://conda.anaconda.org/bioconda/linux-64/prank-v.170427-h9f5acd7_5.tar.bz2#aea43532dd04620f1abaf08146c89892
https://conda.anaconda.org/conda-forge/linux-64/libzlib-1.2.12-h166bdaf_2.tar.bz2#8302381297332ea50532cf2c67961080
https://conda.anaconda.org/conda-forge/linux-64/ncurses-6.3-h27087fc_1.tar.bz2#4acfc691e64342b9dae57cf2adc63238
https://conda.anaconda.org/conda-forge/linux-64/libidn11-1.34-h1cef754_0.tar.bz2#80ec3a09ce5c0b1d32c0a137c89db257
https://conda.anaconda.org/conda-forge/linux-64/xorg-libxdmcp-1.1.3-h7f98852_0.tar.bz2#be93aabceefa2fac576e971aef407908
https://conda.anaconda.org/conda-forge/linux-64/metis-5.1.0-h58526e2_1006.tar.bz2#d099b812378b1e133c12e3b75167d83a
https://conda.anaconda.org/conda-forge/linux-64/xorg-libxau-1.0.9-h7f98852_0.tar.bz2#bf6f803a544f26ebbdc3bfff272eb179
https://conda.anaconda.org/conda-forge/linux-64/bzip2-1.0.8-h7f98852_4.tar.bz2#a1fd65c7ccbf10880423d82bca54eb54
https://conda.anaconda.org/conda-forge/linux-64/alsa-lib-1.2.6.1-h7f98852_0.tar.bz2#0347ce6a34f8b55b544b141432c6d4c7
https://conda.anaconda.org/conda-forge/linux-64/jpeg-9e-h166bdaf_2.tar.bz2#ee8b844357a0946870901c7c6f418268
https://conda.anaconda.org/conda-forge/linux-64/libbrotlicommon-1.0.9-h166bdaf_7.tar.bz2#f82dc1c78bcf73583f2656433ce2933c
https://conda.anaconda.org/bioconda/linux-64/aragorn-1.2.41-hec16e2b_0.tar.bz2#35e36bf31751b11dda35afcc2d28f89b
https://conda.anaconda.org/conda-forge/linux-64/xorg-recordproto-1.14.2-h7f98852_1002.tar.bz2#2f835e6c386e73c6faaddfe9eda67e98
https://conda.anaconda.org/conda-forge/linux-64/pthread-stubs-0.4-h36c2ea0_1001.tar.bz2#22dad4df6e8630e8dff2428f6f6a7036
https://conda.anaconda.org/conda-forge/linux-64/xorg-xextproto-7.3.0-h7f98852_1002.tar.bz2#1e15f6ad85a7d743a2ac68dae6c82b98
https://conda.anaconda.org/conda-forge/linux-64/pcre-8.45-h9c3ff4c_0.tar.bz2#c05d1820a6d34ff07aaaab7a9b7eddaa
https://conda.anaconda.org/conda-forge/linux-64/libopenblas-0.3.21-pthreads_h78a6416_2.tar.bz2#839776c4e967bc881c21da197127a3ae
https://conda.anaconda.org/bioconda/linux-64/mafft-7.505-hec16e2b_0.tar.bz2#33da74c785690ab510469051072d5a90
https://conda.anaconda.org/conda-forge/linux-64/libwebp-base-1.2.4-h166bdaf_0.tar.bz2#ac2ccf7323d21f2994e4d1f5da664f37
https://conda.anaconda.org/conda-forge/linux-64/openssl-3.0.5-h166bdaf_1.tar.bz2#5302986dcd5fb4bb1f390159eb66757a
https://conda.anaconda.org/conda-forge/linux-64/pixman-0.40.0-h36c2ea0_0.tar.bz2#660e72c82f2e75a6b3fe6a6e75c79f19
https://conda.anaconda.org/conda-forge/linux-64/libdeflate-1.13-h166bdaf_0.tar.bz2#4b5bee2e957570197327d0b20a718891
https://conda.anaconda.org/conda-forge/linux-64/libedit-3.1.20191231-he28a2e2_2.tar.bz2#4d331e44109e3f0e19b4cb8f9b82f3e1
https://conda.anaconda.org/conda-forge/linux-64/xorg-inputproto-2.3.2-h7f98852_1002.tar.bz2#bcd1b3396ec6960cbc1d2855a9e60b2b
https://conda.anaconda.org/conda-forge/linux-64/xorg-libsm-1.2.3-hd9c2040_1000.tar.bz2#9e856f78d5c80d5a78f61e72d1d473a3
https://conda.anaconda.org/conda-forge/linux-64/openmp-8.0.1-0.tar.bz2#b35241079152e5cc891c99368395b2c6
https://conda.anaconda.org/conda-forge/linux-64/gettext-0.19.8.1-h73d1719_1008.tar.bz2#af49250eca8e139378f8ff0ae9e57251
https://conda.anaconda.org/conda-forge/linux-64/mpfr-4.1.0-h9202a9a_1.tar.bz2#ea9ebeddb066da8fad4a815e61b139be
https://conda.anaconda.org/conda-forge/linux-64/glpk-4.65-h9202a9a_1004.tar.bz2#e2b206a63a520f880bb87a0a02dfb625
https://conda.anaconda.org/conda-forge/linux-64/perl-5.32.1-2_h7f98852_perl5.tar.bz2#09ba115862623f00962e9809ea248f1a
https://conda.anaconda.org/conda-forge/linux-64/libsqlite-3.39.2-h753d276_1.tar.bz2#90136dc0a305db4e1df24945d431457b
https://conda.anaconda.org/conda-forge/linux-64/zstd-1.5.2-h6239696_4.tar.bz2#adcf0be7897e73e312bd24353b613f74
https://conda.anaconda.org/conda-forge/linux-64/libpng-1.6.37-h753d276_4.tar.bz2#6b611734b73d639c084ac4be2fcd996a
https://conda.anaconda.org/conda-forge/linux-64/libllvm11-11.1.0-hf817b99_3.tar.bz2#44c2655e8586f8d6163b238fa10db9be
https://conda.anaconda.org/conda-forge/linux-64/libxml2-2.9.14-h22db469_4.tar.bz2#aced7c1f4b4dbfea08e033c6ae97c53e
https://conda.anaconda.org/conda-forge/linux-64/tk-8.6.12-h27826a3_0.tar.bz2#5b8c42eb62e9fc961af70bdd6a26e168
https://conda.anaconda.org/conda-forge/linux-64/zlib-1.2.12-h166bdaf_2.tar.bz2#4533821485cde83ab12ff3d8bda83768
https://conda.anaconda.org/conda-forge/linux-64/readline-8.1.2-h0f457ee_0.tar.bz2#db2ebbe2943aae81ed051a6a9af8e0fa
https://conda.anaconda.org/conda-forge/linux-64/pcre2-10.37-hc3806b6_1.tar.bz2#dfd26f27a9d5de96cec1d007b9aeb964
https://conda.anaconda.org/conda-forge/linux-64/libbrotlidec-1.0.9-h166bdaf_7.tar.bz2#37a460703214d0d1b421e2a47eb5e6d0
https://conda.anaconda.org/conda-forge/linux-64/libbrotlienc-1.0.9-h166bdaf_7.tar.bz2#785a9296ea478eb78c47593c4da6550f
https://conda.anaconda.org/conda-forge/linux-64/libxcb-1.13-h7f98852_1004.tar.bz2#b3653fdc58d03face9724f602218a904
https://conda.anaconda.org/conda-forge/linux-64/xorg-fixesproto-5.0-h7f98852_1002.tar.bz2#65ad6e1eb4aed2b0611855aff05e04f6
https://conda.anaconda.org/conda-forge/linux-64/libblas-3.9.0-16_linux64_openblas.tar.bz2#d9b7a8639171f6c6fa0a983edabcfe2b
https://conda.anaconda.org/conda-forge/linux-64/capnproto-0.9.1-ha19adfc_4.tar.bz2#5e7b18af5715694aa913285250329532
https://conda.anaconda.org/conda-forge/linux-64/libssh2-1.10.0-hf14f497_3.tar.bz2#d85acad4b47dff4e3def14a769a97906
https://conda.anaconda.org/conda-forge/linux-64/libnghttp2-1.47.0-hff17c54_1.tar.bz2#2b7dbfa6988a41f9d23ba6d4f0e1d74e
https://conda.anaconda.org/conda-forge/linux-64/krb5-1.19.3-h08a2579_0.tar.bz2#d25e05e7ee0e302b52d24491db4891eb
https://conda.anaconda.org/conda-forge/linux-64/libglib-2.72.1-h2d90d5f_0.tar.bz2#ebeadbb5fbc44052eeb6f96a2136e3c2
https://conda.anaconda.org/conda-forge/linux-64/libidn2-2.3.3-h166bdaf_0.tar.bz2#7726ff4317aaecba7a4e7c2a16d38b21
https://conda.anaconda.org/conda-forge/noarch/perl-constant-1.33-pl5321hd8ed1ab_0.tar.bz2#7f9fc9cfa08a3fe36ffcff820c65c3ac
https://conda.anaconda.org/conda-forge/linux-64/perl-sub-uplevel-0.2800-pl5321h166bdaf_0.tar.bz2#43e385cd6b497eaa266179eb704d3e0b
https://conda.anaconda.org/conda-forge/noarch/perl-extutils-makemaker-7.64-pl5321hd8ed1ab_0.tar.bz2#b61f36ed03ccf6a4981e0f7517db8ec7
https://conda.anaconda.org/conda-forge/linux-64/parallel-20220722-ha770c72_0.tar.bz2#6d03db7419b990f02be570c7a27c9914
https://conda.anaconda.org/bioconda/noarch/perl-timedate-2.33-pl5321hdfd78af_2.tar.bz2#c4686f71d90a9ecbaf76c6794a309843
https://conda.anaconda.org/conda-forge/noarch/perl-parent-0.238-pl5321hd8ed1ab_0.tar.bz2#62eee5798cac901f449678c93cfa6277
https://conda.anaconda.org/bioconda/noarch/perl-io-html-1.004-pl5321hdfd78af_0.tar.bz2#41b9702808c81294c0b1dc112f239214
https://conda.anaconda.org/bioconda/noarch/perl-class-data-inheritable-0.09-pl5321hdfd78af_0.tar.bz2#1523b871c9a6361adcd51be5260b6a67
https://conda.anaconda.org/bioconda/noarch/perl-threaded-5.32.1-hdfd78af_1.tar.bz2#7ec21ca86ddac0449501c2463370b714
https://conda.anaconda.org/bioconda/noarch/perl-file-slurp-tiny-0.004-pl5321hdfd78af_2.tar.bz2#67f2e04a41c08c7faab45ffd890a653b
https://conda.anaconda.org/bioconda/noarch/perl-file-spec-3.48_01-pl5321hdfd78af_2.tar.bz2#aab3e394e9759fffdbd042d98d30aeb8
https://conda.anaconda.org/conda-forge/linux-64/perl-try-tiny-0.31-pl5321ha770c72_0.tar.bz2#cc23b14ed56bf51d84832d98ebd156af
https://conda.anaconda.org/conda-forge/linux-64/perl-xml-parser-2.44_01-pl5321hc3e0081_1003.tar.bz2#6409bb599d2db3d4d2324d32d5f7a930
https://conda.anaconda.org/bioconda/linux-64/perl-list-moreutils-xs-0.430-pl5321hec16e2b_1.tar.bz2#9cfb1b3743ee45b05c82bf1fc640e8a3
https://conda.anaconda.org/bioconda/linux-64/infernal-1.1.4-pl5321hec16e2b_1.tar.bz2#5764abe5814de774a3484c49e7476462
https://conda.anaconda.org/conda-forge/linux-64/perl-capture-tiny-0.48-pl5321ha770c72_1.tar.bz2#4859b3d284090166394875e68184dc9c
https://conda.anaconda.org/bioconda/noarch/perl-io-string-1.08-pl5321hdfd78af_4.tar.bz2#c34ef3559a60db3eeddbdd10718906a4
https://conda.anaconda.org/bioconda/noarch/perl-devel-stacktrace-2.04-pl5321hdfd78af_1.tar.bz2#7446f526072f9ed4518e90d0575f962e
https://conda.anaconda.org/bioconda/linux-64/perl-url-encode-0.03-pl5321h9ee0642_0.tar.bz2#ae808218ba4a3eb830f03e4277ba4625
https://conda.anaconda.org/conda-forge/linux-64/perl-data-dumper-2.183-pl5321h166bdaf_0.tar.bz2#bc64b4d3f071a6a9db2023e696a0a2cb
https://conda.anaconda.org/conda-forge/linux-64/perl-mime-base64-3.16-pl5321h166bdaf_0.tar.bz2#ea00137633c45f99a5c0fdaa3418c507
https://conda.anaconda.org/conda-forge/noarch/perl-exporter-5.74-pl5321hd8ed1ab_0.tar.bz2#fd2eac4e35f8c970870a3961c1df3e29
https://conda.anaconda.org/conda-forge/linux-64/perl-scalar-list-utils-1.63-pl5321h166bdaf_0.tar.bz2#c8d96f52c1e8de80663f2e11fbabfd0d
https://conda.anaconda.org/conda-forge/linux-64/perl-compress-raw-zlib-2.202-pl5321h166bdaf_0.tar.bz2#66176366c49e2f70b3a764bc744b5010
https://conda.anaconda.org/conda-forge/noarch/perl-common-sense-3.75-pl5321hd8ed1ab_0.tar.bz2#ef70dc77e8b10bbb62f5e843b401ef0e
https://conda.anaconda.org/conda-forge/noarch/perl-algorithm-diff-1.201-pl5321hd8ed1ab_0.tar.bz2#4ec6c1ea1d18947663b8cdc5f63cb2bf
https://conda.anaconda.org/bioconda/noarch/perl-digest-hmac-1.04-pl5321hdfd78af_0.tar.bz2#872d481415766335aea1abc5b4b0a16d
https://conda.anaconda.org/conda-forge/linux-64/perl-db_file-1.858-pl5321h166bdaf_0.tar.bz2#73e039a6ab8fbaa8b574097b4fcdd599
https://conda.anaconda.org/bioconda/linux-64/fraggenescan-1.31-hec16e2b_4.tar.bz2#230f61c35141b922aa2b3bb35f3bb275
https://conda.anaconda.org/bioconda/linux-64/perl-socket-2.027-pl5321hec16e2b_3.tar.bz2#4fe2faefe1f46241d481f340b4b8eb2e
https://conda.anaconda.org/bioconda/noarch/perl-io-zlib-1.11-pl5321hdfd78af_0.tar.bz2#0bc11b066e1ec99fefd5558e87b8e0f0
https://conda.anaconda.org/bioconda/noarch/perl-test-deep-1.130-pl5321hdfd78af_0.tar.bz2#e15ab2531827b0c8a803456ac6072c11
https://conda.anaconda.org/bioconda/linux-64/perl-digest-md5-2.58-pl5321hec16e2b_1.tar.bz2#a0af370445ef6aa9db1ecf41e4866d8c
https://conda.anaconda.org/bioconda/noarch/perl-file-sort-1.01-pl5321hdfd78af_3.tar.bz2#4e92e20759a9e525a2e98018b25e6100
https://conda.anaconda.org/bioconda/linux-64/mummer-3.23-pl5321h1b792b2_13.tar.bz2#cc4ea0b06ee851094a5855658b61133a
https://conda.anaconda.org/conda-forge/linux-64/perl-compress-raw-bzip2-2.201-pl5321h166bdaf_0.tar.bz2#105e211458bf45fe64b6de5ae8283ba4
https://conda.anaconda.org/bioconda/noarch/perl-xml-xpathengine-0.14-pl5321hdfd78af_3.tar.bz2#4af616066d02762108e88cf5413d3ded
https://conda.anaconda.org/bioconda/noarch/perl-xml-regexp-0.04-pl5321hdfd78af_3.tar.bz2#8a5a1bd078a08890084e93cd5eff3fa7
https://conda.anaconda.org/bioconda/noarch/perl-xml-sax-base-1.09-pl5321hdfd78af_1.tar.bz2#f98548d82c9f4b27eca224211ab193df
https://conda.anaconda.org/conda-forge/noarch/perl-exporter-tiny-1.002002-pl5321hd8ed1ab_0.tar.bz2#48d709826875be1f2c108d3d1d8efec7
https://conda.anaconda.org/conda-forge/linux-64/perl-io-tty-1.16-pl5321h166bdaf_0.tar.bz2#fa9bedaf0caf6c01eed33840393ed1b3
https://conda.anaconda.org/bioconda/noarch/perl-base-2.23-pl5321hdfd78af_2.tar.bz2#56bcf32d7efd3cb8f9bb6c3e4c592f48
https://conda.anaconda.org/bioconda/noarch/perl-html-tagset-3.20-pl5321hdfd78af_4.tar.bz2#69c71855f076d4e826c1af7b4d197969
https://conda.anaconda.org/conda-forge/linux-64/boost-cpp-1.74.0-h75c5d50_8.tar.bz2#9c5996e7741d205bc76a518173ff6b82
https://conda.anaconda.org/conda-forge/linux-64/libtiff-4.4.0-h0e0dad5_3.tar.bz2#5627d42c13a9b117ae1701c6e195624f
https://conda.anaconda.org/conda-forge/linux-64/freetype-2.12.1-hca18f0e_0.tar.bz2#4e54cbfc47b8c74c2ecc1e7730d8edce
https://conda.anaconda.org/bioconda/linux-64/cd-hit-4.8.1-h5b5514e_7.tar.bz2#5a27e78006455ee7d945e2c9dcfc4d49
https://conda.anaconda.org/bioconda/linux-64/tbl2asn-25.7-h9ee0642_1.tar.bz2#058e9e623ffa3067dc1879774c4520e4
https://conda.anaconda.org/bioconda/linux-64/bedtools-2.30.0-h468198e_3.tar.bz2#bd4beb1a0a6de4b14f96a7cfc1a76845
https://conda.anaconda.org/conda-forge/linux-64/sqlite-3.39.2-h4ff8645_1.tar.bz2#2676ec698ce91567fca50654ac1b18ba
https://conda.anaconda.org/conda-forge/linux-64/python-3.10.6-ha86cf86_0_cpython.tar.bz2#98d77e6496f7516d6b3c508f71c102fc
https://conda.anaconda.org/conda-forge/noarch/wheel-0.37.1-pyhd8ed1ab_0.tar.bz2#1ca02aaf78d9c70d9a81a3bed5752022
https://conda.anaconda.org/conda-forge/linux-64/brotli-bin-1.0.9-h166bdaf_7.tar.bz2#1699c1211d56a23c66047524cd76796e
https://conda.anaconda.org/conda-forge/linux-64/xorg-libx11-1.7.2-h7f98852_0.tar.bz2#12a61e640b8894504326aadafccbb790
https://conda.anaconda.org/conda-forge/linux-64/liblapack-3.9.0-16_linux64_openblas.tar.bz2#955d993f41f9354bf753d29864ea20ad
https://conda.anaconda.org/conda-forge/linux-64/libcblas-3.9.0-16_linux64_openblas.tar.bz2#20bae26d0a1db73f758fc3754cab4719
https://conda.anaconda.org/conda-forge/linux-64/libcurl-7.83.1-h2283fc2_0.tar.bz2#2a10689a8be25009984735be9a2b26a9
https://conda.anaconda.org/conda-forge/linux-64/libcups-2.3.3-h3e49a29_2.tar.bz2#3b88f1d0fe2580594d58d7e44d664617
https://conda.anaconda.org/conda-forge/linux-64/wget-1.20.3-ha35d2d1_1.tar.bz2#c990e108f39e1b43adf61e984360c9a1
https://conda.anaconda.org/bioconda/noarch/perl-xml-namespacesupport-1.12-pl5321hdfd78af_1.tar.bz2#845e2630e4ce38e8c855290a42274ed5
https://conda.anaconda.org/conda-forge/noarch/perl-test-warn-0.37-pl5321hd8ed1ab_0.tar.bz2#1aa8ad0e60049a063f990dab12fd1d56
https://conda.anaconda.org/conda-forge/noarch/perl-test-exception-0.43-pl5321hd8ed1ab_0.tar.bz2#022f65da70a23dcc21b9120d18ed4ca8
https://conda.anaconda.org/bioconda/linux-64/perl-net-ssleay-1.74-0.tar.bz2#5a81319746090d86a73bf59ab6b5e211
https://conda.anaconda.org/bioconda/noarch/perl-tree-dag_node-1.32-pl5321hdfd78af_0.tar.bz2#09b05f575f3ae5f4a87003c857e3ad5d
https://conda.anaconda.org/bioconda/noarch/perl-libxml-perl-0.08-pl5321hdfd78af_3.tar.bz2#1c365765ae910890ad8787ef53dab70c
https://conda.anaconda.org/bioconda/noarch/perl-exception-class-1.45-pl5321hdfd78af_0.tar.bz2#5c3c97db8109bee156618a9931bdd893
https://conda.anaconda.org/conda-forge/noarch/perl-carp-1.50-pl5321hd8ed1ab_0.tar.bz2#bdddc03e28019b902da71b722f2288d7
https://conda.anaconda.org/conda-forge/noarch/perl-file-path-2.18-pl5321hd8ed1ab_0.tar.bz2#e13e456f61b8261ba074c0aa93086afe
https://conda.anaconda.org/bioconda/linux-64/perl-encode-3.19-pl5321hec16e2b_1.tar.bz2#b2925d6255f57feeb61b5fa04d99fbf3
https://conda.anaconda.org/bioconda/noarch/perl-types-serialiser-1.01-pl5321hdfd78af_0.tar.bz2#cfc65753e827bbef80c00eaa395f6ae7
https://conda.anaconda.org/bioconda/noarch/perl-text-diff-1.45-pl5321hdfd78af_1.tar.bz2#e9b9f91c7e44a671faa8fbf20cbdd6f6
https://conda.anaconda.org/bioconda/noarch/perl-ntlm-1.09-pl5321hdfd78af_5.tar.bz2#dac95634eb35296b62569c77e2ceef5c
https://conda.anaconda.org/bioconda/noarch/perl-bioperl-core-1.7.8-pl5321hdfd78af_1.tar.bz2#e627a38fe206468089dc73a0aafb6c8c
https://conda.anaconda.org/bioconda/noarch/perl-list-moreutils-0.430-pl5321hdfd78af_0.tar.bz2#7f04c79d216d0f8e7b6d5a51de4aafa0
https://conda.anaconda.org/bioconda/noarch/perl-ipc-run-20200505.0-pl5321hdfd78af_0.tar.bz2#b0234081e5c5fd205c900dd9bc920da6
https://conda.anaconda.org/bioconda/linux-64/diamond-2.0.15-hb97b32f_1.tar.bz2#6951be09685f9979086684bfcef47932
https://conda.anaconda.org/conda-forge/linux-64/openjpeg-2.5.0-h7d73246_1.tar.bz2#a11b4df9271a8d7917686725aa04c8f2
https://conda.anaconda.org/conda-forge/linux-64/lcms2-2.12-hddcbb42_0.tar.bz2#797117394a4aa588de6d741b06fad80f
https://conda.anaconda.org/conda-forge/linux-64/fontconfig-2.14.0-h8e229c2_0.tar.bz2#f314f79031fec74adc9bff50fbaffd89
https://conda.anaconda.org/bioconda/noarch/barrnap-0.9-hdfd78af_4.tar.bz2#da96203ff6df1a221c22dfde37951bdf
https://conda.anaconda.org/conda-forge/noarch/setuptools-65.3.0-pyhd8ed1ab_1.tar.bz2#a64c8af7be7a6348c1d9e530f88fa4da
https://conda.anaconda.org/conda-forge/linux-64/brotli-1.0.9-h166bdaf_7.tar.bz2#3889dec08a472eb0f423e5609c76bde1
https://conda.anaconda.org/conda-forge/linux-64/xorg-libxfixes-5.0.3-h7f98852_1004.tar.bz2#e9a21aa4d5e3e5f1aed71e8cefd46b6a
https://conda.anaconda.org/conda-forge/linux-64/xorg-libxrender-0.9.10-h7f98852_1003.tar.bz2#f59c1242cc1dd93e72c2ee2b360979eb
https://conda.anaconda.org/conda-forge/linux-64/xorg-libxext-1.3.4-h7f98852_1.tar.bz2#536cc5db4d0a3ba0630541aec064b5e4
https://conda.anaconda.org/conda-forge/linux-64/arpack-3.7.0-hdefa2d7_2.tar.bz2#8763fe86163198ef1778d1d8d22bb078
https://conda.anaconda.org/conda-forge/linux-64/suitesparse-5.10.1-h9e50725_1.tar.bz2#a3a685b5f9aeb890ed874502fe56accf
https://conda.anaconda.org/conda-forge/linux-64/gsl-2.7-he838d99_0.tar.bz2#fec079ba39c9cca093bf4c00001825de
https://conda.anaconda.org/conda-forge/linux-64/curl-7.83.1-h2283fc2_0.tar.bz2#8968421d2c89a6b89dfc28d283971de1
https://conda.anaconda.org/bioconda/linux-64/entrez-direct-16.2-he881be0_1.tar.bz2#ff30142050ba583481215a6e1b3a5de0
https://conda.anaconda.org/bioconda/noarch/perl-io-socket-ssl-2.074-pl5321hdfd78af_0.tar.bz2#848d5e23136422e87522336ba1865a5b
https://conda.anaconda.org/bioconda/noarch/perl-lwp-mediatypes-6.04-pl5321hdfd78af_1.tar.bz2#386b035f45e9389e6e9b1a367fdd19bb
https://conda.anaconda.org/conda-forge/noarch/perl-business-isbn-data-20210112.006-pl5321hd8ed1ab_0.tar.bz2#a70f08650ec3919ee5e599834f1349d3
https://conda.anaconda.org/bioconda/noarch/perl-time-local-1.30-pl5321hdfd78af_0.tar.bz2#9d8b188186489efe61bc63fd4a2b8259
https://conda.anaconda.org/conda-forge/linux-64/perl-pathtools-3.75-pl5321h166bdaf_0.tar.bz2#4e72abd06ec15cb28c14798dab2c10c8
https://conda.anaconda.org/conda-forge/noarch/perl-file-temp-0.2304-pl5321hd8ed1ab_0.tar.bz2#0a039c4fc36748942287ee10d0431515
https://conda.anaconda.org/bioconda/noarch/perl-encode-locale-1.05-pl5321hdfd78af_7.tar.bz2#b431fde1d115040cf39bb54280a03dc8
https://conda.anaconda.org/bioconda/linux-64/perl-io-compress-2.106-pl5321h87f3376_1.tar.bz2#4c62c232fda31558e0eba91cc221d00d
https://conda.anaconda.org/bioconda/linux-64/perl-json-xs-2.34-pl5321h9f5acd7_5.tar.bz2#73c6dd8e7f7a6440cf1412112882c320
https://conda.anaconda.org/bioconda/noarch/perl-test-differences-0.69-pl5321hdfd78af_0.tar.bz2#1f7a9aa718798b8f9544d0a80dea3673
https://conda.anaconda.org/bioconda/linux-64/perl-bio-samtools-1.43-pl5321h7132678_3.tar.bz2#a01c3a7c281f92e448cc75374eb5b211
https://conda.anaconda.org/conda-forge/noarch/pip-22.2.2-pyhd8ed1ab_0.tar.bz2#0b43abe4d3ee93e82742d37def53a836
https://conda.anaconda.org/conda-forge/linux-64/xorg-libxi-1.7.10-h7f98852_0.tar.bz2#e77615e5141cad5a2acaa043d1cf0ca5
https://conda.anaconda.org/conda-forge/linux-64/cairo-1.16.0-ha61ee94_1013.tar.bz2#148e1893454972ac8c595c98c7b8ed5c
https://conda.anaconda.org/bioconda/linux-64/fastani-1.33-h0fdf51a_1.tar.bz2#4900f34fea211d7435bdd63406fa430e
https://conda.anaconda.org/bioconda/linux-64/mash-2.3-ha9a2dd8_3.tar.bz2#272e9719f69a9846e49f8292b7f4c965
https://conda.anaconda.org/conda-forge/linux-64/git-2.37.3-pl5321h04cb727_0.tar.bz2#dc8ab3aeec8666e16718e62334f12914
https://conda.anaconda.org/bioconda/linux-64/samtools-1.6-h3f2fef4_8.tar.bz2#a9acf5495a4a83786bb255cf2baeaa9c
https://conda.anaconda.org/bioconda/noarch/perl-business-isbn-3.007-pl5321hdfd78af_0.tar.bz2#3cdaa3f73497365e08346443d81dac81
https://conda.anaconda.org/bioconda/noarch/perl-http-date-6.05-pl5321hdfd78af_0.tar.bz2#5ce7de4ea806149915caa033a3bbc9cf
https://conda.anaconda.org/bioconda/noarch/perl-xml-sax-1.02-pl5321hdfd78af_1.tar.bz2#2402f3f7aab47052aa38e00fe6a2de3d
https://conda.anaconda.org/bioconda/noarch/perl-archive-tar-2.40-pl5321hdfd78af_0.tar.bz2#ef5f007762b5ad9425694104d7db4463
https://conda.anaconda.org/bioconda/noarch/perl-json-4.09-pl5321hdfd78af_0.tar.bz2#61530b75f2abe670d0b40fb2c703d674
https://conda.anaconda.org/bioconda/noarch/perl-test-most-0.37-pl5321hdfd78af_0.tar.bz2#fba1e55e28fc0530b94db9db5288cc1a
https://conda.anaconda.org/bioconda/noarch/perl-bioperl-run-1.007003-pl5321hdfd78af_0.tar.bz2#5b7b092efda407c9af1981426d83f3f5
https://conda.anaconda.org/conda-forge/noarch/entrypoints-0.4-pyhd8ed1ab_0.tar.bz2#3cf04868fee0a029769bd41f4b2fbf2d
https://conda.anaconda.org/conda-forge/noarch/texttable-1.6.4-pyhd8ed1ab_0.tar.bz2#dd608d276c94f82f9107995a90686133
https://conda.anaconda.org/conda-forge/noarch/colorama-0.4.5-pyhd8ed1ab_0.tar.bz2#c267da48ce208905d7d976d49dfd9433
https://conda.anaconda.org/conda-forge/noarch/six-1.16.0-pyh6c4a22f_0.tar.bz2#e5f25f8dbc060e9a8d912e432202afc2
https://conda.anaconda.org/conda-forge/noarch/networkx-2.8.6-pyhd8ed1ab_0.tar.bz2#52243eec8c5b9d22924d1c463b01a1d8
https://conda.anaconda.org/conda-forge/noarch/attrs-22.1.0-pyh71513ae_1.tar.bz2#6d3ccbc56256204925bfa8378722792f
https://conda.anaconda.org/conda-forge/noarch/pytz-2022.2.1-pyhd8ed1ab_0.tar.bz2#974bca71d00364630f63f31fa7e059cb
https://conda.anaconda.org/conda-forge/noarch/pysocks-1.7.1-pyha2e5f31_6.tar.bz2#2a7de29fb590ca14b5243c4c812c8025
https://conda.anaconda.org/bioconda/noarch/dendropy-4.5.2-pyh3252c3a_0.tar.bz2#3b762d50e12b28d30e5f58c832137ed6
https://conda.anaconda.org/conda-forge/noarch/tenacity-8.0.1-pyhd8ed1ab_0.tar.bz2#8b29b2c12cb21dbd057755e5fd22d005
https://conda.anaconda.org/bioconda/linux-64/spades-3.15.3-h95f258a_0.tar.bz2#11ff8c55cc166d98efa1f936f6c9e975
https://conda.anaconda.org/conda-forge/noarch/idna-3.3-pyhd8ed1ab_0.tar.bz2#40b50b8b030f5f2f22085c062ed013dd
https://conda.anaconda.org/conda-forge/noarch/pkgutil-resolve-name-1.3.10-pyhd8ed1ab_0.tar.bz2#89e3c7cdde7d3aaa2aee933b604dd07f
https://conda.anaconda.org/conda-forge/noarch/joblib-1.1.0-pyhd8ed1ab_0.tar.bz2#07d1b5c8cde14d95998fd4767e1e62d2
https://conda.anaconda.org/conda-forge/noarch/certifi-2022.6.15-pyhd8ed1ab_1.tar.bz2#97349c8d67627cbf8f48d7e7e1773ea5
https://conda.anaconda.org/conda-forge/noarch/natsort-8.1.0-pyhd8ed1ab_0.tar.bz2#e9aca195673d2379d95b7294555365a2
https://conda.anaconda.org/conda-forge/noarch/pycparser-2.21-pyhd8ed1ab_0.tar.bz2#076becd9e05608f8dc72757d5f3a91ff
https://conda.anaconda.org/conda-forge/noarch/cycler-0.11.0-pyhd8ed1ab_0.tar.bz2#a50559fad0affdbb33729a68669ca1cb
https://conda.anaconda.org/conda-forge/linux-64/python_abi-3.10-2_cp310.tar.bz2#9e7160cd0d865e98f6803f1fe15c8b61
https://conda.anaconda.org/conda-forge/noarch/pyparsing-3.0.9-pyhd8ed1ab_0.tar.bz2#e8fbc1b54b25f4b08281467bc13b70cc
https://conda.anaconda.org/conda-forge/noarch/charset-normalizer-2.1.1-pyhd8ed1ab_0.tar.bz2#c1d5b294fbf9a795dec349a6f4d8be8e
https://conda.anaconda.org/conda-forge/noarch/munkres-1.1.4-pyh9f0ad1d_0.tar.bz2#2ba8498c1018c1e9c61eb99b973dfe19
https://conda.anaconda.org/conda-forge/noarch/argh-0.26.2-pyh9f0ad1d_1002.tar.bz2#0af89261f0352895e1c1000d306b3dc7
https://conda.anaconda.org/conda-forge/noarch/zipp-3.8.1-pyhd8ed1ab_0.tar.bz2#a3508a0c850745b875de88aea4c40cc5
https://conda.anaconda.org/conda-forge/noarch/toolz-0.12.0-pyhd8ed1ab_0.tar.bz2#92facfec94bc02d6ccf42e7173831a36
https://conda.anaconda.org/conda-forge/noarch/threadpoolctl-3.1.0-pyh8a188c0_0.tar.bz2#a2995ee828f65687ac5b1e71a2ab1e0c
https://conda.anaconda.org/conda-forge/linux-64/xorg-libxtst-1.2.3-h7f98852_1002.tar.bz2#a220b1a513e19d5cb56c1311d44f12e6
https://conda.anaconda.org/conda-forge/linux-64/harfbuzz-5.1.0-hf9f4e7c_0.tar.bz2#7c1f73a8f7864a202b126d82e88ddffc
https://conda.anaconda.org/bioconda/noarch/perl-uri-5.12-pl5321hdfd78af_0.tar.bz2#6b571eaa643024a4bdaa12704928375f
https://conda.anaconda.org/bioconda/noarch/perl-file-listing-6.15-pl5321hdfd78af_0.tar.bz2#8bbc229b81a7c4e540bd66c1f9ac764e
https://conda.anaconda.org/bioconda/noarch/perl-xml-sax-expat-0.51-pl5321hdfd78af_4.tar.bz2#06c4ad6245c0041bc86faba93835d225
https://conda.anaconda.org/bioconda/linux-64/blast-2.13.0-hf3cf87c_0.tar.bz2#f4e05ecccf712e8b531cb311455070f1
https://conda.anaconda.org/bioconda/noarch/perl-bio-asn1-entrezgene-1.73-pl5321hdfd78af_3.tar.bz2#1fa1e8f39aad93a6dc5a07b5bbb0d648
https://conda.anaconda.org/conda-forge/noarch/tqdm-4.64.0-pyhd8ed1ab_0.tar.bz2#6642233f341e1900d0c8e6eddb979c14
https://conda.anaconda.org/bioconda/noarch/pyfaidx-0.7.0-pyh5e36f6f_0.tar.bz2#911047c387061998a29926b126d81b77
https://conda.anaconda.org/conda-forge/noarch/python-dateutil-2.8.2-pyhd8ed1ab_0.tar.bz2#dd999d1cc9f79e67dbb855c8924c7984
https://conda.anaconda.org/conda-forge/noarch/plotly-5.10.0-pyhd8ed1ab_0.tar.bz2#e95502aa0f8e3db05d198214472575de
https://conda.anaconda.org/conda-forge/linux-64/cffi-1.15.1-py310h255011f_0.tar.bz2#3e4b55b02998782f8ca9ceaaa4f5ada9
https://conda.anaconda.org/conda-forge/linux-64/psutil-5.9.2-py310h5764c6d_0.tar.bz2#6ac13c26fe4f9d8d6b38657664c37fd3
https://conda.anaconda.org/conda-forge/linux-64/simplejson-3.17.6-py310h5764c6d_1.tar.bz2#3374b66ff84cf3d5a542768a2ee3902c
https://conda.anaconda.org/conda-forge/linux-64/python-igraph-0.9.11-py310hb58d747_0.tar.bz2#b83a85da0dbaf6da66007b881767dc05
https://conda.anaconda.org/conda-forge/linux-64/peewee-3.15.1-py310hba2f8c6_0.tar.bz2#e563f33340d73f2df92f4bbb2203ed4a
https://conda.anaconda.org/conda-forge/linux-64/kiwisolver-1.4.4-py310hbf28c38_0.tar.bz2#8dc3e2dce8fa122f8df4f3739d1f771b
https://conda.anaconda.org/conda-forge/linux-64/pyrsistent-0.18.1-py310h5764c6d_1.tar.bz2#d6bf97f14e0cc9d2024cf66b11bb79b8
https://conda.anaconda.org/conda-forge/linux-64/llvmlite-0.38.1-py310h58363a5_0.tar.bz2#32f924efe5e677b4f2378d391d006199
https://conda.anaconda.org/conda-forge/linux-64/intbitset-2.4.1-py310h5764c6d_3.tar.bz2#b8de5c1f1a6973dfab2a061427efa5f3
https://conda.anaconda.org/conda-forge/linux-64/unicodedata2-14.0.0-py310h5764c6d_1.tar.bz2#791689ce9e578e2e83b635974af61743
https://conda.anaconda.org/bioconda/linux-64/python-edlib-1.3.9-py310h30d9df9_1.tar.bz2#ffdf9f9e71999dc20d34a28753e568f2
https://conda.anaconda.org/conda-forge/linux-64/pillow-9.2.0-py310hbd86126_2.tar.bz2#443272de4234f6df4a78f50105edc741
https://conda.anaconda.org/conda-forge/linux-64/numpy-1.22.4-py310h4ef5377_0.tar.bz2#a97b04c2d88d24d4a25fd9c069189281
https://conda.anaconda.org/conda-forge/linux-64/markupsafe-2.1.1-py310h5764c6d_1.tar.bz2#ec5a727504409ad1380fc2a84f83d002
https://conda.anaconda.org/conda-forge/noarch/packaging-21.3-pyhd8ed1ab_0.tar.bz2#71f1ab2de48613876becddd496371c85
https://conda.anaconda.org/conda-forge/linux-64/importlib-metadata-4.11.4-py310hff52083_0.tar.bz2#8ea386e64531f1ecf4a5765181579e7e
https://conda.anaconda.org/conda-forge/noarch/importlib_resources-5.9.0-pyhd8ed1ab_0.tar.bz2#393a52ae5450ac981a0b67c8175d61fa
https://conda.anaconda.org/conda-forge/linux-64/openjdk-17.0.3-h1e1ecb3_1.tar.bz2#a01d4070e732c1accd5e430bce834465
https://conda.anaconda.org/bioconda/noarch/perl-http-message-6.36-pl5321hdfd78af_0.tar.bz2#a213d1308ffa8e0789996ae6ecda98ae
https://conda.anaconda.org/bioconda/noarch/perl-www-robotrules-6.02-pl5321hdfd78af_4.tar.bz2#8305f4ed6306b1125a8c8caf2f05aec8
https://conda.anaconda.org/bioconda/noarch/perl-net-http-6.22-pl5321hdfd78af_0.tar.bz2#f3b44f2b9932c3def346e6ad9aabe43d
https://conda.anaconda.org/bioconda/noarch/perl-xml-simple-2.25-pl5321hdfd78af_2.tar.bz2#dbe93edacb87099430c76e809bffa375
https://repo.anaconda.com/pkgs/main/linux-64/cryptography-37.0.1-py310h9ce1e76_0.conda#d79b4926a9e7c333e99f352261e9ecca
https://conda.anaconda.org/conda-forge/linux-64/brotlipy-0.7.0-py310h5764c6d_1004.tar.bz2#6499bb11b7feffb63b26847fc9181319
https://conda.anaconda.org/conda-forge/linux-64/fonttools-4.37.1-py310h5764c6d_0.tar.bz2#3dda361cb1fa5da73a75c4089d2ed338
https://conda.anaconda.org/conda-forge/linux-64/pandas-1.4.3-py310h769672d_0.tar.bz2#e48c810453df0f03bb8fcdff5e1d9e9d
https://conda.anaconda.org/conda-forge/linux-64/numba-0.55.2-py310ha5257ce_0.tar.bz2#9d528f9433b9a9db61c17f4483cb9c23
https://conda.anaconda.org/conda-forge/linux-64/scipy-1.9.1-py310hdfbd76f_0.tar.bz2#bfb55d07ad9d15d2f2f8e59afcbcf578
https://conda.anaconda.org/conda-forge/linux-64/biopython-1.79-py310h5764c6d_2.tar.bz2#651b782581cc677aeacaa087fb1e71d9
https://conda.anaconda.org/conda-forge/noarch/jinja2-3.1.2-pyhd8ed1ab_1.tar.bz2#c8490ed5c70966d232fdd389d0dbed37
https://conda.anaconda.org/conda-forge/noarch/importlib_metadata-4.11.4-hd8ed1ab_0.tar.bz2#9a1925fdb91c81437b8012e48ede6851
https://conda.anaconda.org/conda-forge/noarch/jsonschema-4.14.0-pyhd8ed1ab_0.tar.bz2#292b54add2341be4be0aee6b06b35f85
https://conda.anaconda.org/bioconda/noarch/minced-0.4.2-hdfd78af_1.tar.bz2#eee6ac504430c045623a6616e13ba833
https://conda.anaconda.org/bioconda/noarch/perl-http-negotiate-6.01-pl5321hdfd78af_4.tar.bz2#8a56e406990d3b84b89a50caf5f2811d
https://conda.anaconda.org/bioconda/linux-64/perl-html-parser-3.78-pl5321h9f5acd7_0.tar.bz2#b83006e6e7baddab5c939ef0855c8cd5
https://conda.anaconda.org/bioconda/noarch/perl-http-cookies-6.10-pl5321hdfd78af_0.tar.bz2#e814a81fb8024d2be457805250df690c
https://conda.anaconda.org/bioconda/noarch/perl-http-daemon-6.14-pl5321hdfd78af_0.tar.bz2#ec7208cfb33cb770ec1a2b0fc67a5edf
https://conda.anaconda.org/conda-forge/noarch/pyopenssl-22.0.0-pyhd8ed1ab_0.tar.bz2#1d7e241dfaf5475e893d4b824bb71b44
https://conda.anaconda.org/conda-forge/linux-64/matplotlib-base-3.5.3-py310h8d5ebf3_2.tar.bz2#760bc53cc184c9d6eeca9a38099e5fa8
https://conda.anaconda.org/bioconda/noarch/dbcan-3.0.7-pyh5e36f6f_0.tar.bz2#b9c8a26e1ed17e27bc877419e42c8ccf
https://conda.anaconda.org/conda-forge/linux-64/scikit-learn-1.1.2-py310h0c3af53_0.tar.bz2#94e8ae29ce70f145a6b49c06f3481700
https://conda.anaconda.org/conda-forge/noarch/argcomplete-2.0.0-pyhd8ed1ab_0.tar.bz2#e3ba29a61c20f2c9d085db29ea657406
https://conda.anaconda.org/conda-forge/noarch/altair-4.2.0-pyhd8ed1ab_1.tar.bz2#2867acfe48ceb3630b163632914720d9
https://conda.anaconda.org/bioconda/noarch/perl-libwww-perl-6.67-pl5321hdfd78af_0.tar.bz2#9493077e9e1dae0017f0d4cd9baf7de6
https://conda.anaconda.org/conda-forge/noarch/urllib3-1.26.11-pyhd8ed1ab_0.tar.bz2#0738978569b10669bdef41c671252dd1
https://conda.anaconda.org/bioconda/noarch/gffutils-0.11.0-pyh5e36f6f_0.tar.bz2#ebf1c9eae1487f21ea874094773ad0e3
https://conda.anaconda.org/bioconda/noarch/perl-xml-dom-1.46-pl5321hdfd78af_1.tar.bz2#45b7ce435727456727f45b3e2121b23b
https://conda.anaconda.org/conda-forge/noarch/requests-2.28.1-pyhd8ed1ab_1.tar.bz2#089382ee0e2dc2eae33a04cc3c2bddb0
https://conda.anaconda.org/bioconda/noarch/perl-xml-dom-xpath-0.14-pl5321hdfd78af_2.tar.bz2#b959a7e6e307abaec3f06b0bc007809a
https://conda.anaconda.org/bioconda/noarch/cogclassifier-1.0.4-pyhdfd78af_0.tar.bz2#15f5cb7685a06046d9b563c617479430
https://conda.anaconda.org/bioconda/noarch/taxadb-0.12.1-pyh5e36f6f_0.tar.bz2#2c9c790b1e9f38f064e0ece5858ead1b
https://conda.anaconda.org/bioconda/noarch/perl-bio-featureio-1.6.905-pl5321hdfd78af_4.tar.bz2#1b4b260b45e9cac33fcb45918cda428b
https://conda.anaconda.org/bioconda/noarch/biocode-0.10.0-pyhdfd78af_0.tar.bz2#fe1ef293bae4a7e0f4d031aa1a60e3da
https://conda.anaconda.org/bioconda/linux-64/perl-bioperl-1.6.924-6.tar.bz2#d937cd094c85752fbcba6c6ba07b3f0f
https://conda.anaconda.org/bioconda/linux-64/prokka-1.13-2.tar.bz2#88caba01cc05b565973ebc8464a58da7
https://conda.anaconda.org/bioconda/noarch/panaroo-1.3.0-pyhdfd78af_0.tar.bz2#73e495f25236ba5bc64b84dd878727f5
